
Microsoft Visual Studio Solution File, Format Version 12.00
# Visual Studio 14
VisualStudioVersion = 14.0.25420.1
MinimumVisualStudioVersion = 10.0.40219.1
Project("{FAE04EC0-301F-11D3-BF4B-00C04F79EFBC}") = "FilesystemDiff", "FilesystemDiff\FilesystemDiff.csproj", "{3DE54AAE-91FC-41B8-AFE3-E86F7F2F48EC}"
EndProject
Project("{FAE04EC0-301F-11D3-BF4B-00C04F79EFBC}") = "DumpFilesystemScan", "DumpFilesystemScan\DumpFilesystemScan.csproj", "{400F7325-DFD7-466D-8ED7-09F8F7804339}"
EndProject
Global
	GlobalSection(SolutionConfigurationPlatforms) = preSolution
		Debug|Any CPU = Debug|Any CPU
		Release|Any CPU = Release|Any CPU
	EndGlobalSection
	GlobalSection(ProjectConfigurationPlatforms) = postSolution
		{3DE54AAE-91FC-41B8-AFE3-E86F7F2F48EC}.Debug|Any CPU.ActiveCfg = Debug|Any CPU
		{3DE54AAE-91FC-41B8-AFE3-E86F7F2F48EC}.Debug|Any CPU.Build.0 = Debug|Any CPU
		{3DE54AAE-91FC-41B8-AFE3-E86F7F2F48EC}.Release|Any CPU.ActiveCfg = Release|Any CPU
		{3DE54AAE-91FC-41B8-AFE3-E86F7F2F48EC}.Release|Any CPU.Build.0 = Release|Any CPU
		{400F7325-DFD7-466D-8ED7-09F8F7804339}.Debug|Any CPU.ActiveCfg = Debug|Any CPU
		{400F7325-DFD7-466D-8ED7-09F8F7804339}.Debug|Any CPU.Build.0 = Debug|Any CPU
		{400F7325-DFD7-466D-8ED7-09F8F7804339}.Release|Any CPU.ActiveCfg = Release|Any CPU
		{400F7325-DFD7-466D-8ED7-09F8F7804339}.Release|Any CPU.Build.0 = Release|Any CPU
	EndGlobalSection
	GlobalSection(SolutionProperties) = preSolution
		HideSolutionNode = FALSE
	EndGlobalSection
EndGlobal
